// !$*UTF8*$!
{
	archiveVersion = 1;
	classes = {
	};
	objectVersion = 55;
	objects = {

/* Begin PBXBuildFile section */
		0D0D753628E6181D00A223B7 /* AppDelegate.swift in Sources */ = {isa = PBXBuildFile; fileRef = 0D0D753528E6181D00A223B7 /* AppDelegate.swift */; };
		0D0D753828E6181D00A223B7 /* SceneDelegate.swift in Sources */ = {isa = PBXBuildFile; fileRef = 0D0D753728E6181D00A223B7 /* SceneDelegate.swift */; };
		0D0D753A28E6181D00A223B7 /* MainScreenVC.swift in Sources */ = {isa = PBXBuildFile; fileRef = 0D0D753928E6181D00A223B7 /* MainScreenVC.swift */; };
		0D0D753F28E6181F00A223B7 /* Assets.xcassets in Resources */ = {isa = PBXBuildFile; fileRef = 0D0D753E28E6181F00A223B7 /* Assets.xcassets */; };
		0D0D754228E6181F00A223B7 /* LaunchScreen.storyboard in Resources */ = {isa = PBXBuildFile; fileRef = 0D0D754028E6181F00A223B7 /* LaunchScreen.storyboard */; };
		0D0D754A28E618B400A223B7 /* UnsplashData.swift in Sources */ = {isa = PBXBuildFile; fileRef = 0D0D754928E618B400A223B7 /* UnsplashData.swift */; };
		0D0D754D28E7770F00A223B7 /* UnsplashPhotoManager.swift in Sources */ = {isa = PBXBuildFile; fileRef = 0D0D754C28E7770F00A223B7 /* UnsplashPhotoManager.swift */; };
		0D0D754F28E77C4400A223B7 /* Constants.swift in Sources */ = {isa = PBXBuildFile; fileRef = 0D0D754E28E77C4400A223B7 /* Constants.swift */; };
		0D0D755128E89E7000A223B7 /* PhotoModel.swift in Sources */ = {isa = PBXBuildFile; fileRef = 0D0D755028E89E7000A223B7 /* PhotoModel.swift */; };
		0D0D755428E95AB900A223B7 /* MainVCLayout.swift in Sources */ = {isa = PBXBuildFile; fileRef = 0D0D755328E95AB900A223B7 /* MainVCLayout.swift */; };
		0D0D755728E96ACC00A223B7 /* FavoriteVC.swift in Sources */ = {isa = PBXBuildFile; fileRef = 0D0D755628E96ACC00A223B7 /* FavoriteVC.swift */; };
		0D2C5ECF28FAEE9E00BF0DD7 /* PresentationController.swift in Sources */ = {isa = PBXBuildFile; fileRef = 0D2C5ECE28FAEE9E00BF0DD7 /* PresentationController.swift */; };
		0D2C5ED128FAF2E000BF0DD7 /* InfoVC.swift in Sources */ = {isa = PBXBuildFile; fileRef = 0D2C5ED028FAF2E000BF0DD7 /* InfoVC.swift */; };
		0D2C5ED328FAF2FB00BF0DD7 /* RoundedCorners+extension.swift in Sources */ = {isa = PBXBuildFile; fileRef = 0D2C5ED228FAF2FB00BF0DD7 /* RoundedCorners+extension.swift */; };
		0D41F43328F51744000E354A /* ISOStringToDate+extension.swift in Sources */ = {isa = PBXBuildFile; fileRef = 0D41F43228F51744000E354A /* ISOStringToDate+extension.swift */; };
		0D41F43528F5291A000E354A /* AddSFSymbolPrefix.swift in Sources */ = {isa = PBXBuildFile; fileRef = 0D41F43428F5291A000E354A /* AddSFSymbolPrefix.swift */; };
		0D41F43728F5E5CB000E354A /* SFSymbols.swift in Sources */ = {isa = PBXBuildFile; fileRef = 0D41F43628F5E5CB000E354A /* SFSymbols.swift */; };
		0D5C1C4C28EB28F800BBE4A7 /* PhotoCollectionViewCell.swift in Sources */ = {isa = PBXBuildFile; fileRef = 0D5C1C4B28EB28F800BBE4A7 /* PhotoCollectionViewCell.swift */; };
		0D5C1C5028EE8AE700BBE4A7 /* DetailedVC.swift in Sources */ = {isa = PBXBuildFile; fileRef = 0D5C1C4F28EE8AE700BBE4A7 /* DetailedVC.swift */; };
		0D5C1C5228EE8CD600BBE4A7 /* DetailedVCLayout.swift in Sources */ = {isa = PBXBuildFile; fileRef = 0D5C1C5128EE8CD600BBE4A7 /* DetailedVCLayout.swift */; };
		0D6557C428FAFD7E003D788A /* InfoVCLayout.swift in Sources */ = {isa = PBXBuildFile; fileRef = 0D6557C328FAFD7E003D788A /* InfoVCLayout.swift */; };
		0D6557C728FFBB7A003D788A /* Realm in Frameworks */ = {isa = PBXBuildFile; productRef = 0D6557C628FFBB7A003D788A /* Realm */; };
		0D6557C928FFBB7A003D788A /* RealmSwift in Frameworks */ = {isa = PBXBuildFile; productRef = 0D6557C828FFBB7A003D788A /* RealmSwift */; };
		0D6557CB2900648D003D788A /* UIView+extension.swift in Sources */ = {isa = PBXBuildFile; fileRef = 0D6557CA2900648D003D788A /* UIView+extension.swift */; };
		0D6557CD29006B36003D788A /* FavoriteCell.swift in Sources */ = {isa = PBXBuildFile; fileRef = 0D6557CC29006B36003D788A /* FavoriteCell.swift */; };
		0D6557CF29011302003D788A /* FavoriteVCLayout.swift in Sources */ = {isa = PBXBuildFile; fileRef = 0D6557CE29011302003D788A /* FavoriteVCLayout.swift */; };
/* End PBXBuildFile section */

/* Begin PBXFileReference section */
		0D0D753228E6181D00A223B7 /* UnsplashClient.app */ = {isa = PBXFileReference; explicitFileType = wrapper.application; includeInIndex = 0; path = UnsplashClient.app; sourceTree = BUILT_PRODUCTS_DIR; };
		0D0D753528E6181D00A223B7 /* AppDelegate.swift */ = {isa = PBXFileReference; lastKnownFileType = sourcecode.swift; path = AppDelegate.swift; sourceTree = "<group>"; };
		0D0D753728E6181D00A223B7 /* SceneDelegate.swift */ = {isa = PBXFileReference; lastKnownFileType = sourcecode.swift; path = SceneDelegate.swift; sourceTree = "<group>"; };
		0D0D753928E6181D00A223B7 /* MainScreenVC.swift */ = {isa = PBXFileReference; lastKnownFileType = sourcecode.swift; path = MainScreenVC.swift; sourceTree = "<group>"; };
		0D0D753E28E6181F00A223B7 /* Assets.xcassets */ = {isa = PBXFileReference; lastKnownFileType = folder.assetcatalog; path = Assets.xcassets; sourceTree = "<group>"; };
		0D0D754128E6181F00A223B7 /* Base */ = {isa = PBXFileReference; lastKnownFileType = file.storyboard; name = Base; path = Base.lproj/LaunchScreen.storyboard; sourceTree = "<group>"; };
		0D0D754328E6181F00A223B7 /* Info.plist */ = {isa = PBXFileReference; lastKnownFileType = text.plist.xml; path = Info.plist; sourceTree = "<group>"; };
		0D0D754928E618B400A223B7 /* UnsplashData.swift */ = {isa = PBXFileReference; lastKnownFileType = sourcecode.swift; path = UnsplashData.swift; sourceTree = "<group>"; };
		0D0D754C28E7770F00A223B7 /* UnsplashPhotoManager.swift */ = {isa = PBXFileReference; lastKnownFileType = sourcecode.swift; path = UnsplashPhotoManager.swift; sourceTree = "<group>"; };
		0D0D754E28E77C4400A223B7 /* Constants.swift */ = {isa = PBXFileReference; lastKnownFileType = sourcecode.swift; path = Constants.swift; sourceTree = "<group>"; };
		0D0D755028E89E7000A223B7 /* PhotoModel.swift */ = {isa = PBXFileReference; lastKnownFileType = sourcecode.swift; path = PhotoModel.swift; sourceTree = "<group>"; };
		0D0D755328E95AB900A223B7 /* MainVCLayout.swift */ = {isa = PBXFileReference; lastKnownFileType = sourcecode.swift; path = MainVCLayout.swift; sourceTree = "<group>"; };
		0D0D755628E96ACC00A223B7 /* FavoriteVC.swift */ = {isa = PBXFileReference; lastKnownFileType = sourcecode.swift; path = FavoriteVC.swift; sourceTree = "<group>"; };
		0D2C5ECE28FAEE9E00BF0DD7 /* PresentationController.swift */ = {isa = PBXFileReference; lastKnownFileType = sourcecode.swift; path = PresentationController.swift; sourceTree = "<group>"; };
		0D2C5ED028FAF2E000BF0DD7 /* InfoVC.swift */ = {isa = PBXFileReference; lastKnownFileType = sourcecode.swift; path = InfoVC.swift; sourceTree = "<group>"; };
		0D2C5ED228FAF2FB00BF0DD7 /* RoundedCorners+extension.swift */ = {isa = PBXFileReference; lastKnownFileType = sourcecode.swift; path = "RoundedCorners+extension.swift"; sourceTree = "<group>"; };
		0D41F43228F51744000E354A /* ISOStringToDate+extension.swift */ = {isa = PBXFileReference; lastKnownFileType = sourcecode.swift; path = "ISOStringToDate+extension.swift"; sourceTree = "<group>"; };
		0D41F43428F5291A000E354A /* AddSFSymbolPrefix.swift */ = {isa = PBXFileReference; lastKnownFileType = sourcecode.swift; path = AddSFSymbolPrefix.swift; sourceTree = "<group>"; };
		0D41F43628F5E5CB000E354A /* SFSymbols.swift */ = {isa = PBXFileReference; lastKnownFileType = sourcecode.swift; path = SFSymbols.swift; sourceTree = "<group>"; };
		0D5C1C4B28EB28F800BBE4A7 /* PhotoCollectionViewCell.swift */ = {isa = PBXFileReference; lastKnownFileType = sourcecode.swift; path = PhotoCollectionViewCell.swift; sourceTree = "<group>"; };
		0D5C1C4F28EE8AE700BBE4A7 /* DetailedVC.swift */ = {isa = PBXFileReference; lastKnownFileType = sourcecode.swift; path = DetailedVC.swift; sourceTree = "<group>"; };
		0D5C1C5128EE8CD600BBE4A7 /* DetailedVCLayout.swift */ = {isa = PBXFileReference; lastKnownFileType = sourcecode.swift; path = DetailedVCLayout.swift; sourceTree = "<group>"; };
		0D6557C328FAFD7E003D788A /* InfoVCLayout.swift */ = {isa = PBXFileReference; lastKnownFileType = sourcecode.swift; path = InfoVCLayout.swift; sourceTree = "<group>"; };
		0D6557CA2900648D003D788A /* UIView+extension.swift */ = {isa = PBXFileReference; lastKnownFileType = sourcecode.swift; path = "UIView+extension.swift"; sourceTree = "<group>"; };
		0D6557CC29006B36003D788A /* FavoriteCell.swift */ = {isa = PBXFileReference; lastKnownFileType = sourcecode.swift; path = FavoriteCell.swift; sourceTree = "<group>"; };
		0D6557CE29011302003D788A /* FavoriteVCLayout.swift */ = {isa = PBXFileReference; lastKnownFileType = sourcecode.swift; path = FavoriteVCLayout.swift; sourceTree = "<group>"; };
/* End PBXFileReference section */

/* Begin PBXFrameworksBuildPhase section */
		0D0D752F28E6181D00A223B7 /* Frameworks */ = {
			isa = PBXFrameworksBuildPhase;
			buildActionMask = 2147483647;
			files = (
				0D6557C928FFBB7A003D788A /* RealmSwift in Frameworks */,
				0D6557C728FFBB7A003D788A /* Realm in Frameworks */,
			);
			runOnlyForDeploymentPostprocessing = 0;
		};
/* End PBXFrameworksBuildPhase section */

/* Begin PBXGroup section */
		0D0D752928E6181D00A223B7 = {
			isa = PBXGroup;
			children = (
				0D0D753428E6181D00A223B7 /* UnsplashClient */,
				0D0D753328E6181D00A223B7 /* Products */,
			);
			sourceTree = "<group>";
		};
		0D0D753328E6181D00A223B7 /* Products */ = {
			isa = PBXGroup;
			children = (
				0D0D753228E6181D00A223B7 /* UnsplashClient.app */,
			);
			name = Products;
			sourceTree = "<group>";
		};
		0D0D753428E6181D00A223B7 /* UnsplashClient */ = {
			isa = PBXGroup;
			children = (
				0D0D753528E6181D00A223B7 /* AppDelegate.swift */,
				0D0D753728E6181D00A223B7 /* SceneDelegate.swift */,
				0D41F43128F516F0000E354A /* Helpers */,
				0D0D754B28E618B900A223B7 /* Model */,
				0D0D755228E958E200A223B7 /* View */,
				0D0D755528E96A4200A223B7 /* Controller */,
				0D0D753E28E6181F00A223B7 /* Assets.xcassets */,
				0D0D754028E6181F00A223B7 /* LaunchScreen.storyboard */,
				0D0D754328E6181F00A223B7 /* Info.plist */,
			);
			path = UnsplashClient;
			sourceTree = "<group>";
		};
		0D0D754B28E618B900A223B7 /* Model */ = {
			isa = PBXGroup;
			children = (
				0D0D754E28E77C4400A223B7 /* Constants.swift */,
				0D0D754928E618B400A223B7 /* UnsplashData.swift */,
				0D0D754C28E7770F00A223B7 /* UnsplashPhotoManager.swift */,
				0D0D755028E89E7000A223B7 /* PhotoModel.swift */,
				0D5C1C4B28EB28F800BBE4A7 /* PhotoCollectionViewCell.swift */,
				0D6557CC29006B36003D788A /* FavoriteCell.swift */,
			);
			path = Model;
			sourceTree = "<group>";
		};
		0D0D755228E958E200A223B7 /* View */ = {
			isa = PBXGroup;
			children = (
				0D0D755328E95AB900A223B7 /* MainVCLayout.swift */,
				0D5C1C5128EE8CD600BBE4A7 /* DetailedVCLayout.swift */,
				0D6557C328FAFD7E003D788A /* InfoVCLayout.swift */,
				0D6557CE29011302003D788A /* FavoriteVCLayout.swift */,
			);
			path = View;
			sourceTree = "<group>";
		};
		0D0D755528E96A4200A223B7 /* Controller */ = {
			isa = PBXGroup;
			children = (
				0D0D753928E6181D00A223B7 /* MainScreenVC.swift */,
				0D5C1C4F28EE8AE700BBE4A7 /* DetailedVC.swift */,
				0D2C5ED028FAF2E000BF0DD7 /* InfoVC.swift */,
				0D0D755628E96ACC00A223B7 /* FavoriteVC.swift */,
				0D2C5ECE28FAEE9E00BF0DD7 /* PresentationController.swift */,
			);
			path = Controller;
			sourceTree = "<group>";
		};
		0D41F43128F516F0000E354A /* Helpers */ = {
			isa = PBXGroup;
			children = (
				0D41F43228F51744000E354A /* ISOStringToDate+extension.swift */,
				0D2C5ED228FAF2FB00BF0DD7 /* RoundedCorners+extension.swift */,
				0D6557CA2900648D003D788A /* UIView+extension.swift */,
				0D41F43428F5291A000E354A /* AddSFSymbolPrefix.swift */,
				0D41F43628F5E5CB000E354A /* SFSymbols.swift */,
			);
			path = Helpers;
			sourceTree = "<group>";
		};
/* End PBXGroup section */

/* Begin PBXNativeTarget section */
		0D0D753128E6181D00A223B7 /* UnsplashClient */ = {
			isa = PBXNativeTarget;
			buildConfigurationList = 0D0D754628E6181F00A223B7 /* Build configuration list for PBXNativeTarget "UnsplashClient" */;
			buildPhases = (
				0D0D752E28E6181D00A223B7 /* Sources */,
				0D0D752F28E6181D00A223B7 /* Frameworks */,
				0D0D753028E6181D00A223B7 /* Resources */,
			);
			buildRules = (
			);
			dependencies = (
			);
			name = UnsplashClient;
			packageProductDependencies = (
				0D6557C628FFBB7A003D788A /* Realm */,
				0D6557C828FFBB7A003D788A /* RealmSwift */,
			);
			productName = DownloadImageWithAPI;
			productReference = 0D0D753228E6181D00A223B7 /* UnsplashClient.app */;
			productType = "com.apple.product-type.application";
		};
/* End PBXNativeTarget section */

/* Begin PBXProject section */
		0D0D752A28E6181D00A223B7 /* Project object */ = {
			isa = PBXProject;
			attributes = {
				BuildIndependentTargetsInParallel = 1;
				LastSwiftUpdateCheck = 1340;
				LastUpgradeCheck = 1340;
				TargetAttributes = {
					0D0D753128E6181D00A223B7 = {
						CreatedOnToolsVersion = 13.4.1;
					};
				};
			};
			buildConfigurationList = 0D0D752D28E6181D00A223B7 /* Build configuration list for PBXProject "UnsplashClient" */;
			compatibilityVersion = "Xcode 13.0";
			developmentRegion = en;
			hasScannedForEncodings = 0;
			knownRegions = (
				en,
				Base,
			);
			mainGroup = 0D0D752928E6181D00A223B7;
			packageReferences = (
				0D6557C528FFBB79003D788A /* XCRemoteSwiftPackageReference "realm-swift" */,
			);
			productRefGroup = 0D0D753328E6181D00A223B7 /* Products */;
			projectDirPath = "";
			projectRoot = "";
			targets = (
				0D0D753128E6181D00A223B7 /* UnsplashClient */,
			);
		};
/* End PBXProject section */

/* Begin PBXResourcesBuildPhase section */
		0D0D753028E6181D00A223B7 /* Resources */ = {
			isa = PBXResourcesBuildPhase;
			buildActionMask = 2147483647;
			files = (
				0D0D754228E6181F00A223B7 /* LaunchScreen.storyboard in Resources */,
				0D0D753F28E6181F00A223B7 /* Assets.xcassets in Resources */,
			);
			runOnlyForDeploymentPostprocessing = 0;
		};
/* End PBXResourcesBuildPhase section */

/* Begin PBXSourcesBuildPhase section */
		0D0D752E28E6181D00A223B7 /* Sources */ = {
			isa = PBXSourcesBuildPhase;
			buildActionMask = 2147483647;
			files = (
				0D0D755428E95AB900A223B7 /* MainVCLayout.swift in Sources */,
				0D5C1C4C28EB28F800BBE4A7 /* PhotoCollectionViewCell.swift in Sources */,
				0D41F43728F5E5CB000E354A /* SFSymbols.swift in Sources */,
				0D0D753A28E6181D00A223B7 /* MainScreenVC.swift in Sources */,
				0D0D753628E6181D00A223B7 /* AppDelegate.swift in Sources */,
				0D0D754A28E618B400A223B7 /* UnsplashData.swift in Sources */,
				0D0D754D28E7770F00A223B7 /* UnsplashPhotoManager.swift in Sources */,
				0D2C5ECF28FAEE9E00BF0DD7 /* PresentationController.swift in Sources */,
				0D2C5ED128FAF2E000BF0DD7 /* InfoVC.swift in Sources */,
				0D6557CF29011302003D788A /* FavoriteVCLayout.swift in Sources */,
				0D6557CD29006B36003D788A /* FavoriteCell.swift in Sources */,
				0D6557C428FAFD7E003D788A /* InfoVCLayout.swift in Sources */,
				0D6557CB2900648D003D788A /* UIView+extension.swift in Sources */,
				0D0D755128E89E7000A223B7 /* PhotoModel.swift in Sources */,
				0D41F43328F51744000E354A /* ISOStringToDate+extension.swift in Sources */,
				0D0D753828E6181D00A223B7 /* SceneDelegate.swift in Sources */,
				0D5C1C5228EE8CD600BBE4A7 /* DetailedVCLayout.swift in Sources */,
				0D5C1C5028EE8AE700BBE4A7 /* DetailedVC.swift in Sources */,
				0D2C5ED328FAF2FB00BF0DD7 /* RoundedCorners+extension.swift in Sources */,
				0D0D754F28E77C4400A223B7 /* Constants.swift in Sources */,
				0D0D755728E96ACC00A223B7 /* FavoriteVC.swift in Sources */,
				0D41F43528F5291A000E354A /* AddSFSymbolPrefix.swift in Sources */,
			);
			runOnlyForDeploymentPostprocessing = 0;
		};
/* End PBXSourcesBuildPhase section */

/* Begin PBXVariantGroup section */
		0D0D754028E6181F00A223B7 /* LaunchScreen.storyboard */ = {
			isa = PBXVariantGroup;
			children = (
				0D0D754128E6181F00A223B7 /* Base */,
			);
			name = LaunchScreen.storyboard;
			sourceTree = "<group>";
		};
/* End PBXVariantGroup section */

/* Begin XCBuildConfiguration section */
		0D0D754428E6181F00A223B7 /* Debug */ = {
			isa = XCBuildConfiguration;
			buildSettings = {
				ALWAYS_SEARCH_USER_PATHS = NO;
				CLANG_ANALYZER_NONNULL = YES;
				CLANG_ANALYZER_NUMBER_OBJECT_CONVERSION = YES_AGGRESSIVE;
				CLANG_CXX_LANGUAGE_STANDARD = "gnu++17";
				CLANG_ENABLE_MODULES = YES;
				CLANG_ENABLE_OBJC_ARC = YES;
				CLANG_ENABLE_OBJC_WEAK = YES;
				CLANG_WARN_BLOCK_CAPTURE_AUTORELEASING = YES;
				CLANG_WARN_BOOL_CONVERSION = YES;
				CLANG_WARN_COMMA = YES;
				CLANG_WARN_CONSTANT_CONVERSION = YES;
				CLANG_WARN_DEPRECATED_OBJC_IMPLEMENTATIONS = YES;
				CLANG_WARN_DIRECT_OBJC_ISA_USAGE = YES_ERROR;
				CLANG_WARN_DOCUMENTATION_COMMENTS = YES;
				CLANG_WARN_EMPTY_BODY = YES;
				CLANG_WARN_ENUM_CONVERSION = YES;
				CLANG_WARN_INFINITE_RECURSION = YES;
				CLANG_WARN_INT_CONVERSION = YES;
				CLANG_WARN_NON_LITERAL_NULL_CONVERSION = YES;
				CLANG_WARN_OBJC_IMPLICIT_RETAIN_SELF = YES;
				CLANG_WARN_OBJC_LITERAL_CONVERSION = YES;
				CLANG_WARN_OBJC_ROOT_CLASS = YES_ERROR;
				CLANG_WARN_QUOTED_INCLUDE_IN_FRAMEWORK_HEADER = YES;
				CLANG_WARN_RANGE_LOOP_ANALYSIS = YES;
				CLANG_WARN_STRICT_PROTOTYPES = YES;
				CLANG_WARN_SUSPICIOUS_MOVE = YES;
				CLANG_WARN_UNGUARDED_AVAILABILITY = YES_AGGRESSIVE;
				CLANG_WARN_UNREACHABLE_CODE = YES;
				CLANG_WARN__DUPLICATE_METHOD_MATCH = YES;
				COPY_PHASE_STRIP = NO;
				DEBUG_INFORMATION_FORMAT = dwarf;
				ENABLE_STRICT_OBJC_MSGSEND = YES;
				ENABLE_TESTABILITY = YES;
				GCC_C_LANGUAGE_STANDARD = gnu11;
				GCC_DYNAMIC_NO_PIC = NO;
				GCC_NO_COMMON_BLOCKS = YES;
				GCC_OPTIMIZATION_LEVEL = 0;
				GCC_PREPROCESSOR_DEFINITIONS = (
					"DEBUG=1",
					"$(inherited)",
				);
				GCC_WARN_64_TO_32_BIT_CONVERSION = YES;
				GCC_WARN_ABOUT_RETURN_TYPE = YES_ERROR;
				GCC_WARN_UNDECLARED_SELECTOR = YES;
				GCC_WARN_UNINITIALIZED_AUTOS = YES_AGGRESSIVE;
				GCC_WARN_UNUSED_FUNCTION = YES;
				GCC_WARN_UNUSED_VARIABLE = YES;
				IPHONEOS_DEPLOYMENT_TARGET = 15.5;
				MTL_ENABLE_DEBUG_INFO = INCLUDE_SOURCE;
				MTL_FAST_MATH = YES;
				ONLY_ACTIVE_ARCH = YES;
				SDKROOT = iphoneos;
				SWIFT_ACTIVE_COMPILATION_CONDITIONS = DEBUG;
				SWIFT_OPTIMIZATION_LEVEL = "-Onone";
			};
			name = Debug;
		};
		0D0D754528E6181F00A223B7 /* Release */ = {
			isa = XCBuildConfiguration;
			buildSettings = {
				ALWAYS_SEARCH_USER_PATHS = NO;
				CLANG_ANALYZER_NONNULL = YES;
				CLANG_ANALYZER_NUMBER_OBJECT_CONVERSION = YES_AGGRESSIVE;
				CLANG_CXX_LANGUAGE_STANDARD = "gnu++17";
				CLANG_ENABLE_MODULES = YES;
				CLANG_ENABLE_OBJC_ARC = YES;
				CLANG_ENABLE_OBJC_WEAK = YES;
				CLANG_WARN_BLOCK_CAPTURE_AUTORELEASING = YES;
				CLANG_WARN_BOOL_CONVERSION = YES;
				CLANG_WARN_COMMA = YES;
				CLANG_WARN_CONSTANT_CONVERSION = YES;
				CLANG_WARN_DEPRECATED_OBJC_IMPLEMENTATIONS = YES;
				CLANG_WARN_DIRECT_OBJC_ISA_USAGE = YES_ERROR;
				CLANG_WARN_DOCUMENTATION_COMMENTS = YES;
				CLANG_WARN_EMPTY_BODY = YES;
				CLANG_WARN_ENUM_CONVERSION = YES;
				CLANG_WARN_INFINITE_RECURSION = YES;
				CLANG_WARN_INT_CONVERSION = YES;
				CLANG_WARN_NON_LITERAL_NULL_CONVERSION = YES;
				CLANG_WARN_OBJC_IMPLICIT_RETAIN_SELF = YES;
				CLANG_WARN_OBJC_LITERAL_CONVERSION = YES;
				CLANG_WARN_OBJC_ROOT_CLASS = YES_ERROR;
				CLANG_WARN_QUOTED_INCLUDE_IN_FRAMEWORK_HEADER = YES;
				CLANG_WARN_RANGE_LOOP_ANALYSIS = YES;
				CLANG_WARN_STRICT_PROTOTYPES = YES;
				CLANG_WARN_SUSPICIOUS_MOVE = YES;
				CLANG_WARN_UNGUARDED_AVAILABILITY = YES_AGGRESSIVE;
				CLANG_WARN_UNREACHABLE_CODE = YES;
				CLANG_WARN__DUPLICATE_METHOD_MATCH = YES;
				COPY_PHASE_STRIP = NO;
				DEBUG_INFORMATION_FORMAT = "dwarf-with-dsym";
				ENABLE_NS_ASSERTIONS = NO;
				ENABLE_STRICT_OBJC_MSGSEND = YES;
				GCC_C_LANGUAGE_STANDARD = gnu11;
				GCC_NO_COMMON_BLOCKS = YES;
				GCC_WARN_64_TO_32_BIT_CONVERSION = YES;
				GCC_WARN_ABOUT_RETURN_TYPE = YES_ERROR;
				GCC_WARN_UNDECLARED_SELECTOR = YES;
				GCC_WARN_UNINITIALIZED_AUTOS = YES_AGGRESSIVE;
				GCC_WARN_UNUSED_FUNCTION = YES;
				GCC_WARN_UNUSED_VARIABLE = YES;
				IPHONEOS_DEPLOYMENT_TARGET = 15.5;
				MTL_ENABLE_DEBUG_INFO = NO;
				MTL_FAST_MATH = YES;
				SDKROOT = iphoneos;
				SWIFT_COMPILATION_MODE = wholemodule;
				SWIFT_OPTIMIZATION_LEVEL = "-O";
				VALIDATE_PRODUCT = YES;
			};
			name = Release;
		};
		0D0D754728E6181F00A223B7 /* Debug */ = {
			isa = XCBuildConfiguration;
			buildSettings = {
				ASSETCATALOG_COMPILER_APPICON_NAME = AppIcon;
				ASSETCATALOG_COMPILER_GLOBAL_ACCENT_COLOR_NAME = AccentColor;
				CODE_SIGN_STYLE = Automatic;
				CURRENT_PROJECT_VERSION = 1;
				DEVELOPMENT_TEAM = FAD3VV45WY;
				GENERATE_INFOPLIST_FILE = YES;
				INFOPLIST_FILE = UnsplashClient/Info.plist;
				INFOPLIST_KEY_UIApplicationSupportsIndirectInputEvents = YES;
				INFOPLIST_KEY_UILaunchStoryboardName = LaunchScreen;
				INFOPLIST_KEY_UISupportedInterfaceOrientations_iPad = "UIInterfaceOrientationPortrait UIInterfaceOrientationPortraitUpsideDown UIInterfaceOrientationLandscapeLeft UIInterfaceOrientationLandscapeRight";
				INFOPLIST_KEY_UISupportedInterfaceOrientations_iPhone = "UIInterfaceOrientationPortrait UIInterfaceOrientationLandscapeLeft UIInterfaceOrientationLandscapeRight";
				LD_RUNPATH_SEARCH_PATHS = (
					"$(inherited)",
					"@executable_path/Frameworks",
				);
				MARKETING_VERSION = 1.0;
				PRODUCT_BUNDLE_IDENTIFIER = com.katsubo.DownloadImageWithAPI;
				PRODUCT_NAME = "$(TARGET_NAME)";
				SWIFT_EMIT_LOC_STRINGS = YES;
				SWIFT_VERSION = 5.0;
				TARGETED_DEVICE_FAMILY = "1,2";
			};
			name = Debug;
		};
		0D0D754828E6181F00A223B7 /* Release */ = {
			isa = XCBuildConfiguration;
			buildSettings = {
				ASSETCATALOG_COMPILER_APPICON_NAME = AppIcon;
				ASSETCATALOG_COMPILER_GLOBAL_ACCENT_COLOR_NAME = AccentColor;
				CODE_SIGN_STYLE = Automatic;
				CURRENT_PROJECT_VERSION = 1;
				DEVELOPMENT_TEAM = FAD3VV45WY;
				GENERATE_INFOPLIST_FILE = YES;
				INFOPLIST_FILE = UnsplashClient/Info.plist;
				INFOPLIST_KEY_UIApplicationSupportsIndirectInputEvents = YES;
				INFOPLIST_KEY_UILaunchStoryboardName = LaunchScreen;
				INFOPLIST_KEY_UISupportedInterfaceOrientations_iPad = "UIInterfaceOrientationPortrait UIInterfaceOrientationPortraitUpsideDown UIInterfaceOrientationLandscapeLeft UIInterfaceOrientationLandscapeRight";
				INFOPLIST_KEY_UISupportedInterfaceOrientations_iPhone = "UIInterfaceOrientationPortrait UIInterfaceOrientationLandscapeLeft UIInterfaceOrientationLandscapeRight";
				LD_RUNPATH_SEARCH_PATHS = (
					"$(inherited)",
					"@executable_path/Frameworks",
				);
				MARKETING_VERSION = 1.0;
				PRODUCT_BUNDLE_IDENTIFIER = com.katsubo.DownloadImageWithAPI;
				PRODUCT_NAME = "$(TARGET_NAME)";
				SWIFT_EMIT_LOC_STRINGS = YES;
				SWIFT_VERSION = 5.0;
				TARGETED_DEVICE_FAMILY = "1,2";
			};
			name = Release;
		};
/* End XCBuildConfiguration section */

/* Begin XCConfigurationList section */
		0D0D752D28E6181D00A223B7 /* Build configuration list for PBXProject "UnsplashClient" */ = {
			isa = XCConfigurationList;
			buildConfigurations = (
				0D0D754428E6181F00A223B7 /* Debug */,
				0D0D754528E6181F00A223B7 /* Release */,
			);
			defaultConfigurationIsVisible = 0;
			defaultConfigurationName = Release;
		};
		0D0D754628E6181F00A223B7 /* Build configuration list for PBXNativeTarget "UnsplashClient" */ = {
			isa = XCConfigurationList;
			buildConfigurations = (
				0D0D754728E6181F00A223B7 /* Debug */,
				0D0D754828E6181F00A223B7 /* Release */,
			);
			defaultConfigurationIsVisible = 0;
			defaultConfigurationName = Release;
		};
/* End XCConfigurationList section */

/* Begin XCRemoteSwiftPackageReference section */
		0D6557C528FFBB79003D788A /* XCRemoteSwiftPackageReference "realm-swift" */ = {
			isa = XCRemoteSwiftPackageReference;
			repositoryURL = "https://github.com/realm/realm-swift.git";
			requirement = {
				branch = master;
				kind = branch;
			};
		};
/* End XCRemoteSwiftPackageReference section */

/* Begin XCSwiftPackageProductDependency section */
		0D6557C628FFBB7A003D788A /* Realm */ = {
			isa = XCSwiftPackageProductDependency;
			package = 0D6557C528FFBB79003D788A /* XCRemoteSwiftPackageReference "realm-swift" */;
			productName = Realm;
		};
		0D6557C828FFBB7A003D788A /* RealmSwift */ = {
			isa = XCSwiftPackageProductDependency;
			package = 0D6557C528FFBB79003D788A /* XCRemoteSwiftPackageReference "realm-swift" */;
			productName = RealmSwift;
		};
/* End XCSwiftPackageProductDependency section */
	};
	rootObject = 0D0D752A28E6181D00A223B7 /* Project object */;
}
